// !$*UTF8*$!
{
	archiveVersion = 1;
	classes = {
	};
	objectVersion = 50;
	objects = {

/* Begin PBXBuildFile section */
		8401A4232385935C00C5B464 /* AppDelegate.swift in Sources */ = {isa = PBXBuildFile; fileRef = 8401A4222385935C00C5B464 /* AppDelegate.swift */; };
		8401A4272385935C00C5B464 /* ContentView.swift in Sources */ = {isa = PBXBuildFile; fileRef = 8401A4262385935C00C5B464 /* ContentView.swift */; };
		8401A4292385935E00C5B464 /* Assets.xcassets in Resources */ = {isa = PBXBuildFile; fileRef = 8401A4282385935E00C5B464 /* Assets.xcassets */; };
		8401A42C2385935E00C5B464 /* Preview Assets.xcassets in Resources */ = {isa = PBXBuildFile; fileRef = 8401A42B2385935E00C5B464 /* Preview Assets.xcassets */; };
		8401A42F2385935E00C5B464 /* LaunchScreen.storyboard in Resources */ = {isa = PBXBuildFile; fileRef = 8401A42D2385935E00C5B464 /* LaunchScreen.storyboard */; };
		8401A43A2385935E00C5B464 /* schoolTests.swift in Sources */ = {isa = PBXBuildFile; fileRef = 8401A4392385935E00C5B464 /* schoolTests.swift */; };
		8401A4452385935E00C5B464 /* schoolUITests.swift in Sources */ = {isa = PBXBuildFile; fileRef = 8401A4442385935E00C5B464 /* schoolUITests.swift */; };
		8401A453238593B100C5B464 /* main.storyboard in Resources */ = {isa = PBXBuildFile; fileRef = 8401A452238593B100C5B464 /* main.storyboard */; };
		8401A45523859A1300C5B464 /* ViewController.swift in Sources */ = {isa = PBXBuildFile; fileRef = 8401A45423859A1300C5B464 /* ViewController.swift */; };
/* End PBXBuildFile section */

/* Begin PBXContainerItemProxy section */
		8401A4362385935E00C5B464 /* PBXContainerItemProxy */ = {
			isa = PBXContainerItemProxy;
			containerPortal = 8401A4172385935B00C5B464 /* Project object */;
			proxyType = 1;
			remoteGlobalIDString = 8401A41E2385935C00C5B464;
			remoteInfo = school;
		};
		8401A4412385935E00C5B464 /* PBXContainerItemProxy */ = {
			isa = PBXContainerItemProxy;
			containerPortal = 8401A4172385935B00C5B464 /* Project object */;
			proxyType = 1;
			remoteGlobalIDString = 8401A41E2385935C00C5B464;
			remoteInfo = school;
		};
/* End PBXContainerItemProxy section */

/* Begin PBXFileReference section */
		8401A41F2385935C00C5B464 /* school.app */ = {isa = PBXFileReference; explicitFileType = wrapper.application; includeInIndex = 0; path = school.app; sourceTree = BUILT_PRODUCTS_DIR; };
		8401A4222385935C00C5B464 /* AppDelegate.swift */ = {isa = PBXFileReference; lastKnownFileType = sourcecode.swift; path = AppDelegate.swift; sourceTree = "<group>"; };
		8401A4262385935C00C5B464 /* ContentView.swift */ = {isa = PBXFileReference; lastKnownFileType = sourcecode.swift; path = ContentView.swift; sourceTree = "<group>"; };
		8401A4282385935E00C5B464 /* Assets.xcassets */ = {isa = PBXFileReference; lastKnownFileType = folder.assetcatalog; path = Assets.xcassets; sourceTree = "<group>"; };
		8401A42B2385935E00C5B464 /* Preview Assets.xcassets */ = {isa = PBXFileReference; lastKnownFileType = folder.assetcatalog; path = "Preview Assets.xcassets"; sourceTree = "<group>"; };
		8401A42E2385935E00C5B464 /* Base */ = {isa = PBXFileReference; lastKnownFileType = file.storyboard; name = Base; path = Base.lproj/LaunchScreen.storyboard; sourceTree = "<group>"; };
		8401A4302385935E00C5B464 /* Info.plist */ = {isa = PBXFileReference; lastKnownFileType = text.plist.xml; path = Info.plist; sourceTree = "<group>"; };
		8401A4352385935E00C5B464 /* schoolTests.xctest */ = {isa = PBXFileReference; explicitFileType = wrapper.cfbundle; includeInIndex = 0; path = schoolTests.xctest; sourceTree = BUILT_PRODUCTS_DIR; };
		8401A4392385935E00C5B464 /* schoolTests.swift */ = {isa = PBXFileReference; lastKnownFileType = sourcecode.swift; path = schoolTests.swift; sourceTree = "<group>"; };
		8401A43B2385935E00C5B464 /* Info.plist */ = {isa = PBXFileReference; lastKnownFileType = text.plist.xml; path = Info.plist; sourceTree = "<group>"; };
		8401A4402385935E00C5B464 /* schoolUITests.xctest */ = {isa = PBXFileReference; explicitFileType = wrapper.cfbundle; includeInIndex = 0; path = schoolUITests.xctest; sourceTree = BUILT_PRODUCTS_DIR; };
		8401A4442385935E00C5B464 /* schoolUITests.swift */ = {isa = PBXFileReference; lastKnownFileType = sourcecode.swift; path = schoolUITests.swift; sourceTree = "<group>"; };
		8401A4462385935E00C5B464 /* Info.plist */ = {isa = PBXFileReference; lastKnownFileType = text.plist.xml; path = Info.plist; sourceTree = "<group>"; };
		8401A452238593B100C5B464 /* main.storyboard */ = {isa = PBXFileReference; lastKnownFileType = file.storyboard; path = main.storyboard; sourceTree = "<group>"; };
		8401A45423859A1300C5B464 /* ViewController.swift */ = {isa = PBXFileReference; lastKnownFileType = sourcecode.swift; path = ViewController.swift; sourceTree = "<group>"; };
/* End PBXFileReference section */

/* Begin PBXFrameworksBuildPhase section */
		8401A41C2385935C00C5B464 /* Frameworks */ = {
			isa = PBXFrameworksBuildPhase;
			buildActionMask = 2147483647;
			files = (
			);
			runOnlyForDeploymentPostprocessing = 0;
		};
		8401A4322385935E00C5B464 /* Frameworks */ = {
			isa = PBXFrameworksBuildPhase;
			buildActionMask = 2147483647;
			files = (
			);
			runOnlyForDeploymentPostprocessing = 0;
		};
		8401A43D2385935E00C5B464 /* Frameworks */ = {
			isa = PBXFrameworksBuildPhase;
			buildActionMask = 2147483647;
			files = (
			);
			runOnlyForDeploymentPostprocessing = 0;
		};
/* End PBXFrameworksBuildPhase section */

/* Begin PBXGroup section */
		8401A4162385935B00C5B464 = {
			isa = PBXGroup;
			children = (
				8401A4212385935C00C5B464 /* school */,
				8401A4382385935E00C5B464 /* schoolTests */,
				8401A4432385935E00C5B464 /* schoolUITests */,
				8401A4202385935C00C5B464 /* Products */,
			);
			sourceTree = "<group>";
		};
		8401A4202385935C00C5B464 /* Products */ = {
			isa = PBXGroup;
			children = (
				8401A41F2385935C00C5B464 /* school.app */,
				8401A4352385935E00C5B464 /* schoolTests.xctest */,
				8401A4402385935E00C5B464 /* schoolUITests.xctest */,
			);
			name = Products;
			sourceTree = "<group>";
		};
		8401A4212385935C00C5B464 /* school */ = {
			isa = PBXGroup;
			children = (
				8401A4222385935C00C5B464 /* AppDelegate.swift */,
				8401A4262385935C00C5B464 /* ContentView.swift */,
				8401A4282385935E00C5B464 /* Assets.xcassets */,
				8401A42D2385935E00C5B464 /* LaunchScreen.storyboard */,
				8401A4302385935E00C5B464 /* Info.plist */,
				8401A42A2385935E00C5B464 /* Preview Content */,
				8401A452238593B100C5B464 /* main.storyboard */,
				8401A45423859A1300C5B464 /* ViewController.swift */,
			);
			path = school;
			sourceTree = "<group>";
		};
		8401A42A2385935E00C5B464 /* Preview Content */ = {
			isa = PBXGroup;
			children = (
				8401A42B2385935E00C5B464 /* Preview Assets.xcassets */,
			);
			path = "Preview Content";
			sourceTree = "<group>";
		};
		8401A4382385935E00C5B464 /* schoolTests */ = {
			isa = PBXGroup;
			children = (
				8401A4392385935E00C5B464 /* schoolTests.swift */,
				8401A43B2385935E00C5B464 /* Info.plist */,
			);
			path = schoolTests;
			sourceTree = "<group>";
		};
		8401A4432385935E00C5B464 /* schoolUITests */ = {
			isa = PBXGroup;
			children = (
				8401A4442385935E00C5B464 /* schoolUITests.swift */,
				8401A4462385935E00C5B464 /* Info.plist */,
			);
			path = schoolUITests;
			sourceTree = "<group>";
		};
/* End PBXGroup section */

/* Begin PBXNativeTarget section */
		8401A41E2385935C00C5B464 /* school */ = {
			isa = PBXNativeTarget;
			buildConfigurationList = 8401A4492385935E00C5B464 /* Build configuration list for PBXNativeTarget "school" */;
			buildPhases = (
				8401A41B2385935C00C5B464 /* Sources */,
				8401A41C2385935C00C5B464 /* Frameworks */,
				8401A41D2385935C00C5B464 /* Resources */,
			);
			buildRules = (
			);
			dependencies = (
			);
			name = school;
			productName = school;
			productReference = 8401A41F2385935C00C5B464 /* school.app */;
			productType = "com.apple.product-type.application";
		};
		8401A4342385935E00C5B464 /* schoolTests */ = {
			isa = PBXNativeTarget;
			buildConfigurationList = 8401A44C2385935E00C5B464 /* Build configuration list for PBXNativeTarget "schoolTests" */;
			buildPhases = (
				8401A4312385935E00C5B464 /* Sources */,
				8401A4322385935E00C5B464 /* Frameworks */,
				8401A4332385935E00C5B464 /* Resources */,
			);
			buildRules = (
			);
			dependencies = (
				8401A4372385935E00C5B464 /* PBXTargetDependency */,
			);
			name = schoolTests;
			productName = schoolTests;
			productReference = 8401A4352385935E00C5B464 /* schoolTests.xctest */;
			productType = "com.apple.product-type.bundle.unit-test";
		};
		8401A43F2385935E00C5B464 /* schoolUITests */ = {
			isa = PBXNativeTarget;
			buildConfigurationList = 8401A44F2385935E00C5B464 /* Build configuration list for PBXNativeTarget "schoolUITests" */;
			buildPhases = (
				8401A43C2385935E00C5B464 /* Sources */,
				8401A43D2385935E00C5B464 /* Frameworks */,
				8401A43E2385935E00C5B464 /* Resources */,
			);
			buildRules = (
			);
			dependencies = (
				8401A4422385935E00C5B464 /* PBXTargetDependency */,
			);
			name = schoolUITests;
			productName = schoolUITests;
			productReference = 8401A4402385935E00C5B464 /* schoolUITests.xctest */;
			productType = "com.apple.product-type.bundle.ui-testing";
		};
/* End PBXNativeTarget section */

/* Begin PBXProject section */
		8401A4172385935B00C5B464 /* Project object */ = {
			isa = PBXProject;
			attributes = {
				LastSwiftUpdateCheck = 1120;
				LastUpgradeCheck = 1120;
				ORGANIZATIONNAME = Admin;
				TargetAttributes = {
					8401A41E2385935C00C5B464 = {
						CreatedOnToolsVersion = 11.2.1;
					};
					8401A4342385935E00C5B464 = {
						CreatedOnToolsVersion = 11.2.1;
						TestTargetID = 8401A41E2385935C00C5B464;
					};
					8401A43F2385935E00C5B464 = {
						CreatedOnToolsVersion = 11.2.1;
						TestTargetID = 8401A41E2385935C00C5B464;
					};
				};
			};
			buildConfigurationList = 8401A41A2385935B00C5B464 /* Build configuration list for PBXProject "school" */;
			compatibilityVersion = "Xcode 9.3";
			developmentRegion = en;
			hasScannedForEncodings = 0;
			knownRegions = (
				en,
				Base,
			);
			mainGroup = 8401A4162385935B00C5B464;
			productRefGroup = 8401A4202385935C00C5B464 /* Products */;
			projectDirPath = "";
			projectRoot = "";
			targets = (
				8401A41E2385935C00C5B464 /* school */,
				8401A4342385935E00C5B464 /* schoolTests */,
				8401A43F2385935E00C5B464 /* schoolUITests */,
			);
		};
/* End PBXProject section */

/* Begin PBXResourcesBuildPhase section */
		8401A41D2385935C00C5B464 /* Resources */ = {
			isa = PBXResourcesBuildPhase;
			buildActionMask = 2147483647;
			files = (
				8401A42F2385935E00C5B464 /* LaunchScreen.storyboard in Resources */,
				8401A42C2385935E00C5B464 /* Preview Assets.xcassets in Resources */,
				8401A4292385935E00C5B464 /* Assets.xcassets in Resources */,
				8401A453238593B100C5B464 /* main.storyboard in Resources */,
			);
			runOnlyForDeploymentPostprocessing = 0;
		};
		8401A4332385935E00C5B464 /* Resources */ = {
			isa = PBXResourcesBuildPhase;
			buildActionMask = 2147483647;
			files = (
			);
			runOnlyForDeploymentPostprocessing = 0;
		};
		8401A43E2385935E00C5B464 /* Resources */ = {
			isa = PBXResourcesBuildPhase;
			buildActionMask = 2147483647;
			files = (
			);
			runOnlyForDeploymentPostprocessing = 0;
		};
/* End PBXResourcesBuildPhase section */

/* Begin PBXSourcesBuildPhase section */
		8401A41B2385935C00C5B464 /* Sources */ = {
			isa = PBXSourcesBuildPhase;
			buildActionMask = 2147483647;
			files = (
				8401A45523859A1300C5B464 /* ViewController.swift in Sources */,
				8401A4232385935C00C5B464 /* AppDelegate.swift in Sources */,
				8401A4272385935C00C5B464 /* ContentView.swift in Sources */,
			);
			runOnlyForDeploymentPostprocessing = 0;
		};
		8401A4312385935E00C5B464 /* Sources */ = {
			isa = PBXSourcesBuildPhase;
			buildActionMask = 2147483647;
			files = (
				8401A43A2385935E00C5B464 /* schoolTests.swift in Sources */,
			);
			runOnlyForDeploymentPostprocessing = 0;
		};
		8401A43C2385935E00C5B464 /* Sources */ = {
			isa = PBXSourcesBuildPhase;
			buildActionMask = 2147483647;
			files = (
				8401A4452385935E00C5B464 /* schoolUITests.swift in Sources */,
			);
			runOnlyForDeploymentPostprocessing = 0;
		};
/* End PBXSourcesBuildPhase section */

/* Begin PBXTargetDependency section */
		8401A4372385935E00C5B464 /* PBXTargetDependency */ = {
			isa = PBXTargetDependency;
			target = 8401A41E2385935C00C5B464 /* school */;
			targetProxy = 8401A4362385935E00C5B464 /* PBXContainerItemProxy */;
		};
		8401A4422385935E00C5B464 /* PBXTargetDependency */ = {
			isa = PBXTargetDependency;
			target = 8401A41E2385935C00C5B464 /* school */;
			targetProxy = 8401A4412385935E00C5B464 /* PBXContainerItemProxy */;
		};
/* End PBXTargetDependency section */

/* Begin PBXVariantGroup section */
		8401A42D2385935E00C5B464 /* LaunchScreen.storyboard */ = {
			isa = PBXVariantGroup;
			children = (
				8401A42E2385935E00C5B464 /* Base */,
			);
			name = LaunchScreen.storyboard;
			sourceTree = "<group>";
		};
/* End PBXVariantGroup section */

/* Begin XCBuildConfiguration section */
		8401A4472385935E00C5B464 /* Debug */ = {
			isa = XCBuildConfiguration;
			buildSettings = {
				ALWAYS_SEARCH_USER_PATHS = NO;
				CLANG_ANALYZER_NONNULL = YES;
				CLANG_ANALYZER_NUMBER_OBJECT_CONVERSION = YES_AGGRESSIVE;
				CLANG_CXX_LANGUAGE_STANDARD = "gnu++14";
				CLANG_CXX_LIBRARY = "libc++";
				CLANG_ENABLE_MODULES = YES;
				CLANG_ENABLE_OBJC_ARC = YES;
				CLANG_ENABLE_OBJC_WEAK = YES;
				CLANG_WARN_BLOCK_CAPTURE_AUTORELEASING = YES;
				CLANG_WARN_BOOL_CONVERSION = YES;
				CLANG_WARN_COMMA = YES;
				CLANG_WARN_CONSTANT_CONVERSION = YES;
				CLANG_WARN_DEPRECATED_OBJC_IMPLEMENTATIONS = YES;
				CLANG_WARN_DIRECT_OBJC_ISA_USAGE = YES_ERROR;
				CLANG_WARN_DOCUMENTATION_COMMENTS = YES;
				CLANG_WARN_EMPTY_BODY = YES;
				CLANG_WARN_ENUM_CONVERSION = YES;
				CLANG_WARN_INFINITE_RECURSION = YES;
				CLANG_WARN_INT_CONVERSION = YES;
				CLANG_WARN_NON_LITERAL_NULL_CONVERSION = YES;
				CLANG_WARN_OBJC_IMPLICIT_RETAIN_SELF = YES;
				CLANG_WARN_OBJC_LITERAL_CONVERSION = YES;
				CLANG_WARN_OBJC_ROOT_CLASS = YES_ERROR;
				CLANG_WARN_RANGE_LOOP_ANALYSIS = YES;
				CLANG_WARN_STRICT_PROTOTYPES = YES;
				CLANG_WARN_SUSPICIOUS_MOVE = YES;
				CLANG_WARN_UNGUARDED_AVAILABILITY = YES_AGGRESSIVE;
				CLANG_WARN_UNREACHABLE_CODE = YES;
				CLANG_WARN__DUPLICATE_METHOD_MATCH = YES;
				COPY_PHASE_STRIP = NO;
				DEBUG_INFORMATION_FORMAT = dwarf;
				ENABLE_STRICT_OBJC_MSGSEND = YES;
				ENABLE_TESTABILITY = YES;
				GCC_C_LANGUAGE_STANDARD = gnu11;
				GCC_DYNAMIC_NO_PIC = NO;
				GCC_NO_COMMON_BLOCKS = YES;
				GCC_OPTIMIZATION_LEVEL = 0;
				GCC_PREPROCESSOR_DEFINITIONS = (
					"DEBUG=1",
					"$(inherited)",
				);
				GCC_WARN_64_TO_32_BIT_CONVERSION = YES;
				GCC_WARN_ABOUT_RETURN_TYPE = YES_ERROR;
				GCC_WARN_UNDECLARED_SELECTOR = YES;
				GCC_WARN_UNINITIALIZED_AUTOS = YES_AGGRESSIVE;
				GCC_WARN_UNUSED_FUNCTION = YES;
				GCC_WARN_UNUSED_VARIABLE = YES;
				IPHONEOS_DEPLOYMENT_TARGET = 13.2;
				MTL_ENABLE_DEBUG_INFO = INCLUDE_SOURCE;
				MTL_FAST_MATH = YES;
				ONLY_ACTIVE_ARCH = YES;
				SDKROOT = iphoneos;
				SWIFT_ACTIVE_COMPILATION_CONDITIONS = DEBUG;
				SWIFT_OPTIMIZATION_LEVEL = "-Onone";
			};
			name = Debug;
		};
		8401A4482385935E00C5B464 /* Release */ = {
			isa = XCBuildConfiguration;
			buildSettings = {
				ALWAYS_SEARCH_USER_PATHS = NO;
				CLANG_ANALYZER_NONNULL = YES;
				CLANG_ANALYZER_NUMBER_OBJECT_CONVERSION = YES_AGGRESSIVE;
				CLANG_CXX_LANGUAGE_STANDARD = "gnu++14";
				CLANG_CXX_LIBRARY = "libc++";
				CLANG_ENABLE_MODULES = YES;
				CLANG_ENABLE_OBJC_ARC = YES;
				CLANG_ENABLE_OBJC_WEAK = YES;
				CLANG_WARN_BLOCK_CAPTURE_AUTORELEASING = YES;
				CLANG_WARN_BOOL_CONVERSION = YES;
				CLANG_WARN_COMMA = YES;
				CLANG_WARN_CONSTANT_CONVERSION = YES;
				CLANG_WARN_DEPRECATED_OBJC_IMPLEMENTATIONS = YES;
				CLANG_WARN_DIRECT_OBJC_ISA_USAGE = YES_ERROR;
				CLANG_WARN_DOCUMENTATION_COMMENTS = YES;
				CLANG_WARN_EMPTY_BODY = YES;
				CLANG_WARN_ENUM_CONVERSION = YES;
				CLANG_WARN_INFINITE_RECURSION = YES;
				CLANG_WARN_INT_CONVERSION = YES;
				CLANG_WARN_NON_LITERAL_NULL_CONVERSION = YES;
				CLANG_WARN_OBJC_IMPLICIT_RETAIN_SELF = YES;
				CLANG_WARN_OBJC_LITERAL_CONVERSION = YES;
				CLANG_WARN_OBJC_ROOT_CLASS = YES_ERROR;
				CLANG_WARN_RANGE_LOOP_ANALYSIS = YES;
				CLANG_WARN_STRICT_PROTOTYPES = YES;
				CLANG_WARN_SUSPICIOUS_MOVE = YES;
				CLANG_WARN_UNGUARDED_AVAILABILITY = YES_AGGRESSIVE;
				CLANG_WARN_UNREACHABLE_CODE = YES;
				CLANG_WARN__DUPLICATE_METHOD_MATCH = YES;
				COPY_PHASE_STRIP = NO;
				DEBUG_INFORMATION_FORMAT = "dwarf-with-dsym";
				ENABLE_NS_ASSERTIONS = NO;
				ENABLE_STRICT_OBJC_MSGSEND = YES;
				GCC_C_LANGUAGE_STANDARD = gnu11;
				GCC_NO_COMMON_BLOCKS = YES;
				GCC_WARN_64_TO_32_BIT_CONVERSION = YES;
				GCC_WARN_ABOUT_RETURN_TYPE = YES_ERROR;
				GCC_WARN_UNDECLARED_SELECTOR = YES;
				GCC_WARN_UNINITIALIZED_AUTOS = YES_AGGRESSIVE;
				GCC_WARN_UNUSED_FUNCTION = YES;
				GCC_WARN_UNUSED_VARIABLE = YES;
				IPHONEOS_DEPLOYMENT_TARGET = 13.2;
				MTL_ENABLE_DEBUG_INFO = NO;
				MTL_FAST_MATH = YES;
				SDKROOT = iphoneos;
				SWIFT_COMPILATION_MODE = wholemodule;
				SWIFT_OPTIMIZATION_LEVEL = "-O";
				VALIDATE_PRODUCT = YES;
			};
			name = Release;
		};
		8401A44A2385935E00C5B464 /* Debug */ = {
			isa = XCBuildConfiguration;
			buildSettings = {
				ASSETCATALOG_COMPILER_APPICON_NAME = AppIcon;
				CODE_SIGN_STYLE = Automatic;
				DEVELOPMENT_ASSET_PATHS = "\"school/Preview Content\"";
				ENABLE_PREVIEWS = YES;
				INFOPLIST_FILE = school/Info.plist;
				LD_RUNPATH_SEARCH_PATHS = (
					"$(inherited)",
					"@executable_path/Frameworks",
				);
				PRODUCT_BUNDLE_IDENTIFIER = headsandhands.school;
				PRODUCT_NAME = "$(TARGET_NAME)";
				SWIFT_VERSION = 5.0;
				TARGETED_DEVICE_FAMILY = "1,2";
			};
			name = Debug;
		};
		8401A44B2385935E00C5B464 /* Release */ = {
			isa = XCBuildConfiguration;
			buildSettings = {
				ASSETCATALOG_COMPILER_APPICON_NAME = AppIcon;
				CODE_SIGN_STYLE = Automatic;
				DEVELOPMENT_ASSET_PATHS = "\"school/Preview Content\"";
				ENABLE_PREVIEWS = YES;
				INFOPLIST_FILE = school/Info.plist;
				LD_RUNPATH_SEARCH_PATHS = (
					"$(inherited)",
					"@executable_path/Frameworks",
				);
				PRODUCT_BUNDLE_IDENTIFIER = headsandhands.school;
				PRODUCT_NAME = "$(TARGET_NAME)";
				SWIFT_VERSION = 5.0;
				TARGETED_DEVICE_FAMILY = "1,2";
			};
			name = Release;
		};
		8401A44D2385935E00C5B464 /* Debug */ = {
			isa = XCBuildConfiguration;
			buildSettings = {
				ALWAYS_EMBED_SWIFT_STANDARD_LIBRARIES = YES;
				BUNDLE_LOADER = "$(TEST_HOST)";
				CODE_SIGN_STYLE = Automatic;
				INFOPLIST_FILE = schoolTests/Info.plist;
				IPHONEOS_DEPLOYMENT_TARGET = 13.2;
				LD_RUNPATH_SEARCH_PATHS = (
					"$(inherited)",
					"@executable_path/Frameworks",
					"@loader_path/Frameworks",
				);
				PRODUCT_BUNDLE_IDENTIFIER = headsandhands.schoolTests;
				PRODUCT_NAME = "$(TARGET_NAME)";
				SWIFT_VERSION = 5.0;
				TARGETED_DEVICE_FAMILY = "1,2";
				TEST_HOST = "$(BUILT_PRODUCTS_DIR)/school.app/school";
			};
			name = Debug;
		};
		8401A44E2385935E00C5B464 /* Release */ = {
			isa = XCBuildConfiguration;
			buildSettings = {
				ALWAYS_EMBED_SWIFT_STANDARD_LIBRARIES = YES;
				BUNDLE_LOADER = "$(TEST_HOST)";
				CODE_SIGN_STYLE = Automatic;
				INFOPLIST_FILE = schoolTests/Info.plist;
				IPHONEOS_DEPLOYMENT_TARGET = 13.2;
				LD_RUNPATH_SEARCH_PATHS = (
					"$(inherited)",
					"@executable_path/Frameworks",
					"@loader_path/Frameworks",
				);
				PRODUCT_BUNDLE_IDENTIFIER = headsandhands.schoolTests;
				PRODUCT_NAME = "$(TARGET_NAME)";
				SWIFT_VERSION = 5.0;
				TARGETED_DEVICE_FAMILY = "1,2";
				TEST_HOST = "$(BUILT_PRODUCTS_DIR)/school.app/school";
			};
			name = Release;
		};
		8401A4502385935E00C5B464 /* Debug */ = {
			isa = XCBuildConfiguration;
			buildSettings = {
				ALWAYS_EMBED_SWIFT_STANDARD_LIBRARIES = YES;
				CODE_SIGN_STYLE = Automatic;
				INFOPLIST_FILE = schoolUITests/Info.plist;
				LD_RUNPATH_SEARCH_PATHS = (
					"$(inherited)",
					"@executable_path/Frameworks",
					"@loader_path/Frameworks",
				);
				PRODUCT_BUNDLE_IDENTIFIER = headsandhands.schoolUITests;
				PRODUCT_NAME = "$(TARGET_NAME)";
				SWIFT_VERSION = 5.0;
				TARGETED_DEVICE_FAMILY = "1,2";
				TEST_TARGET_NAME = school;
			};
			name = Debug;
		};
		8401A4512385935E00C5B464 /* Release */ = {
			isa = XCBuildConfiguration;
			buildSettings = {
				ALWAYS_EMBED_SWIFT_STANDARD_LIBRARIES = YES;
				CODE_SIGN_STYLE = Automatic;
				INFOPLIST_FILE = schoolUITests/Info.plist;
				LD_RUNPATH_SEARCH_PATHS = (
					"$(inherited)",
					"@executable_path/Frameworks",
					"@loader_path/Frameworks",
				);
				PRODUCT_BUNDLE_IDENTIFIER = headsandhands.schoolUITests;
				PRODUCT_NAME = "$(TARGET_NAME)";
				SWIFT_VERSION = 5.0;
				TARGETED_DEVICE_FAMILY = "1,2";
				TEST_TARGET_NAME = school;
			};
			name = Release;
		};
/* End XCBuildConfiguration section */

/* Begin XCConfigurationList section */
		8401A41A2385935B00C5B464 /* Build configuration list for PBXProject "school" */ = {
			isa = XCConfigurationList;
			buildConfigurations = (
				8401A4472385935E00C5B464 /* Debug */,
				8401A4482385935E00C5B464 /* Release */,
			);
			defaultConfigurationIsVisible = 0;
			defaultConfigurationName = Release;
		};
		8401A4492385935E00C5B464 /* Build configuration list for PBXNativeTarget "school" */ = {
			isa = XCConfigurationList;
			buildConfigurations = (
				8401A44A2385935E00C5B464 /* Debug */,
				8401A44B2385935E00C5B464 /* Release */,
			);
			defaultConfigurationIsVisible = 0;
			defaultConfigurationName = Release;
		};
		8401A44C2385935E00C5B464 /* Build configuration list for PBXNativeTarget "schoolTests" */ = {
			isa = XCConfigurationList;
			buildConfigurations = (
				8401A44D2385935E00C5B464 /* Debug */,
				8401A44E2385935E00C5B464 /* Release */,
			);
			defaultConfigurationIsVisible = 0;
			defaultConfigurationName = Release;
		};
		8401A44F2385935E00C5B464 /* Build configuration list for PBXNativeTarget "schoolUITests" */ = {
			isa = XCConfigurationList;
			buildConfigurations = (
				8401A4502385935E00C5B464 /* Debug */,
				8401A4512385935E00C5B464 /* Release */,
			);
			defaultConfigurationIsVisible = 0;
			defaultConfigurationName = Release;
		};
/* End XCConfigurationList section */
	};
	rootObject = 8401A4172385935B00C5B464 /* Project object */;
}
